
Microsoft Visual Studio Solution File, Format Version 12.00
# Visual Studio Version 17
VisualStudioVersion = 17.10.35013.160
MinimumVisualStudioVersion = 10.0.40219.1
Project("{9A19103F-16F7-4668-BE54-9A1E7A4F7556}") = "TestPingApp", "TestPingApp.csproj", "{26792F05-9F14-4C7D-9E07-CC7EAAB764FB}"
EndProject
Project("{FAE04EC0-301F-11D3-BF4B-00C04F79EFBC}") = "PingTest", "..\PingTest\PingTest.csproj", "{B07954F9-926B-4EF2-9322-FE70DB9493C6}"
EndProject
Project("{FAE04EC0-301F-11D3-BF4B-00C04F79EFBC}") = "TestPingTest", "..\TestPingTest\TestPingTest.csproj", "{15C31801-FFC9-427A-B3E4-1BD8783E8088}"
EndProject
Global
	GlobalSection(SolutionConfigurationPlatforms) = preSolution
		Debug|Any CPU = Debug|Any CPU
		Release|Any CPU = Release|Any CPU
	EndGlobalSection
	GlobalSection(ProjectConfigurationPlatforms) = postSolution
		{26792F05-9F14-4C7D-9E07-CC7EAAB764FB}.Debug|Any CPU.ActiveCfg = Debug|Any CPU
		{26792F05-9F14-4C7D-9E07-CC7EAAB764FB}.Debug|Any CPU.Build.0 = Debug|Any CPU
		{26792F05-9F14-4C7D-9E07-CC7EAAB764FB}.Release|Any CPU.ActiveCfg = Release|Any CPU
		{26792F05-9F14-4C7D-9E07-CC7EAAB764FB}.Release|Any CPU.Build.0 = Release|Any CPU
		{B07954F9-926B-4EF2-9322-FE70DB9493C6}.Debug|Any CPU.ActiveCfg = Debug|Any CPU
		{B07954F9-926B-4EF2-9322-FE70DB9493C6}.Debug|Any CPU.Build.0 = Debug|Any CPU
		{B07954F9-926B-4EF2-9322-FE70DB9493C6}.Release|Any CPU.ActiveCfg = Release|Any CPU
		{B07954F9-926B-4EF2-9322-FE70DB9493C6}.Release|Any CPU.Build.0 = Release|Any CPU
		{15C31801-FFC9-427A-B3E4-1BD8783E8088}.Debug|Any CPU.ActiveCfg = Debug|Any CPU
		{15C31801-FFC9-427A-B3E4-1BD8783E8088}.Debug|Any CPU.Build.0 = Debug|Any CPU
		{15C31801-FFC9-427A-B3E4-1BD8783E8088}.Release|Any CPU.ActiveCfg = Release|Any CPU
		{15C31801-FFC9-427A-B3E4-1BD8783E8088}.Release|Any CPU.Build.0 = Release|Any CPU
	EndGlobalSection
	GlobalSection(SolutionProperties) = preSolution
		HideSolutionNode = FALSE
	EndGlobalSection
	GlobalSection(ExtensibilityGlobals) = postSolution
		SolutionGuid = {E8CE24A5-5F62-4123-9E72-9D1259E10896}
	EndGlobalSection
EndGlobal
